
Microsoft Visual Studio Solution File, Format Version 12.00
Project("{FAE04EC0-301F-11D3-BF4B-00C04F79EFBC}") = "FlickrApp", "FlickrApp.csproj", "{3D765E39-ED93-47B6-B08D-070B5F6C7A4D}"
EndProject
Project("{FAE04EC0-301F-11D3-BF4B-00C04F79EFBC}") = "xUnitTestProject", "xUnitTestProject\xUnitTestProject.csproj", "{463ABDD3-089B-4AB9-A099-20D72C761E7C}"
EndProject
Global
	GlobalSection(SolutionConfigurationPlatforms) = preSolution
		Debug|Any CPU = Debug|Any CPU
		Release|Any CPU = Release|Any CPU
	EndGlobalSection
	GlobalSection(ProjectConfigurationPlatforms) = postSolution
		{3D765E39-ED93-47B6-B08D-070B5F6C7A4D}.Debug|Any CPU.ActiveCfg = Debug|Any CPU
		{3D765E39-ED93-47B6-B08D-070B5F6C7A4D}.Debug|Any CPU.Build.0 = Debug|Any CPU
		{3D765E39-ED93-47B6-B08D-070B5F6C7A4D}.Release|Any CPU.ActiveCfg = Release|Any CPU
		{3D765E39-ED93-47B6-B08D-070B5F6C7A4D}.Release|Any CPU.Build.0 = Release|Any CPU
		{463ABDD3-089B-4AB9-A099-20D72C761E7C}.Debug|Any CPU.ActiveCfg = Debug|Any CPU
		{463ABDD3-089B-4AB9-A099-20D72C761E7C}.Debug|Any CPU.Build.0 = Debug|Any CPU
		{463ABDD3-089B-4AB9-A099-20D72C761E7C}.Release|Any CPU.ActiveCfg = Release|Any CPU
		{463ABDD3-089B-4AB9-A099-20D72C761E7C}.Release|Any CPU.Build.0 = Release|Any CPU
	EndGlobalSection
EndGlobal
